
Microsoft Visual Studio Solution File, Format Version 12.00
# Visual Studio Version 17
VisualStudioVersion = 17.7.34221.43
MinimumVisualStudioVersion = 10.0.40219.1
Project("{9A19103F-16F7-4668-BE54-9A1E7A4F7556}") = "MurderParty.Api", "MurderParty\MurderParty.Api.csproj", "{5A695E5B-9EAF-457C-A0E3-8A6D6CAFB6C8}"
EndProject
Project("{2150E333-8FDC-42A3-9474-1A3956D46DE8}") = "Application", "Application", "{9FB93479-63C0-45BF-ACEA-1E3EF63CC232}"
EndProject
Project("{9A19103F-16F7-4668-BE54-9A1E7A4F7556}") = "Application", "Application\Application.csproj", "{908B93F0-53AF-4CA4-8CB2-ABCE03FC748A}"
EndProject
Project("{2150E333-8FDC-42A3-9474-1A3956D46DE8}") = "Infrastructure", "Infrastructure", "{783DD456-4714-4591-ACE3-D3B7F703BB5C}"
EndProject
Project("{9A19103F-16F7-4668-BE54-9A1E7A4F7556}") = "Email", "Email\Email.csproj", "{3E6C8E7C-D4F1-4C08-8E8A-3D3BEF124B78}"
EndProject
Project("{2150E333-8FDC-42A3-9474-1A3956D46DE8}") = "Domain", "Domain", "{4870B652-B3DC-4AE4-89EF-7966A3B12764}"
EndProject
Project("{9A19103F-16F7-4668-BE54-9A1E7A4F7556}") = "Domain", "Domain\Domain.csproj", "{F37F2C4D-93EC-4903-9F60-2DACF8C5A80B}"
EndProject
Project("{FAE04EC0-301F-11D3-BF4B-00C04F79EFBC}") = "Authentication", "Authentication\Authentication.csproj", "{E5CA1BF5-4132-40B3-A2B0-FD624589177C}"
EndProject
Project("{FAE04EC0-301F-11D3-BF4B-00C04F79EFBC}") = "Payment", "Paiement\Payment.csproj", "{68E036CC-A40C-4664-B005-C8D6E5D7571C}"
EndProject
Project("{FAE04EC0-301F-11D3-BF4B-00C04F79EFBC}") = "Application.Tests", "Application.Tests\Application.Tests.csproj", "{E9EBD1F1-50B9-4FAA-AA8C-5C53EAA406AC}"
EndProject
Project("{FAE04EC0-301F-11D3-BF4B-00C04F79EFBC}") = "Database", "Database\Database.csproj", "{5C54B499-4C03-4050-A72F-CAB3ABA7DE7C}"
EndProject
Project("{2150E333-8FDC-42A3-9474-1A3956D46DE8}") = "Tests", "Tests", "{A68EE096-5718-4B4B-9FBD-29DA091A3E83}"
EndProject
Project("{FAE04EC0-301F-11D3-BF4B-00C04F79EFBC}") = "Infastructure.Tests", "Infastructure\Infastructure.Tests.csproj", "{178B584B-52A5-41FE-838A-43372D475E81}"
EndProject
Project("{FAE04EC0-301F-11D3-BF4B-00C04F79EFBC}") = "Storage", "Storage\Storage.csproj", "{3CE8D7C1-05A5-40DB-AB48-AA66E849F080}"
EndProject
Global
	GlobalSection(SolutionConfigurationPlatforms) = preSolution
		Debug|Any CPU = Debug|Any CPU
		Release|Any CPU = Release|Any CPU
	EndGlobalSection
	GlobalSection(ProjectConfigurationPlatforms) = postSolution
		{5A695E5B-9EAF-457C-A0E3-8A6D6CAFB6C8}.Debug|Any CPU.ActiveCfg = Debug|Any CPU
		{5A695E5B-9EAF-457C-A0E3-8A6D6CAFB6C8}.Debug|Any CPU.Build.0 = Debug|Any CPU
		{5A695E5B-9EAF-457C-A0E3-8A6D6CAFB6C8}.Release|Any CPU.ActiveCfg = Release|Any CPU
		{5A695E5B-9EAF-457C-A0E3-8A6D6CAFB6C8}.Release|Any CPU.Build.0 = Release|Any CPU
		{908B93F0-53AF-4CA4-8CB2-ABCE03FC748A}.Debug|Any CPU.ActiveCfg = Debug|Any CPU
		{908B93F0-53AF-4CA4-8CB2-ABCE03FC748A}.Debug|Any CPU.Build.0 = Debug|Any CPU
		{908B93F0-53AF-4CA4-8CB2-ABCE03FC748A}.Release|Any CPU.ActiveCfg = Release|Any CPU
		{908B93F0-53AF-4CA4-8CB2-ABCE03FC748A}.Release|Any CPU.Build.0 = Release|Any CPU
		{3E6C8E7C-D4F1-4C08-8E8A-3D3BEF124B78}.Debug|Any CPU.ActiveCfg = Debug|Any CPU
		{3E6C8E7C-D4F1-4C08-8E8A-3D3BEF124B78}.Debug|Any CPU.Build.0 = Debug|Any CPU
		{3E6C8E7C-D4F1-4C08-8E8A-3D3BEF124B78}.Release|Any CPU.ActiveCfg = Release|Any CPU
		{3E6C8E7C-D4F1-4C08-8E8A-3D3BEF124B78}.Release|Any CPU.Build.0 = Release|Any CPU
		{F37F2C4D-93EC-4903-9F60-2DACF8C5A80B}.Debug|Any CPU.ActiveCfg = Debug|Any CPU
		{F37F2C4D-93EC-4903-9F60-2DACF8C5A80B}.Debug|Any CPU.Build.0 = Debug|Any CPU
		{F37F2C4D-93EC-4903-9F60-2DACF8C5A80B}.Release|Any CPU.ActiveCfg = Release|Any CPU
		{F37F2C4D-93EC-4903-9F60-2DACF8C5A80B}.Release|Any CPU.Build.0 = Release|Any CPU
		{E5CA1BF5-4132-40B3-A2B0-FD624589177C}.Debug|Any CPU.ActiveCfg = Debug|Any CPU
		{E5CA1BF5-4132-40B3-A2B0-FD624589177C}.Debug|Any CPU.Build.0 = Debug|Any CPU
		{E5CA1BF5-4132-40B3-A2B0-FD624589177C}.Release|Any CPU.ActiveCfg = Release|Any CPU
		{E5CA1BF5-4132-40B3-A2B0-FD624589177C}.Release|Any CPU.Build.0 = Release|Any CPU
		{68E036CC-A40C-4664-B005-C8D6E5D7571C}.Debug|Any CPU.ActiveCfg = Debug|Any CPU
		{68E036CC-A40C-4664-B005-C8D6E5D7571C}.Debug|Any CPU.Build.0 = Debug|Any CPU
		{68E036CC-A40C-4664-B005-C8D6E5D7571C}.Release|Any CPU.ActiveCfg = Release|Any CPU
		{68E036CC-A40C-4664-B005-C8D6E5D7571C}.Release|Any CPU.Build.0 = Release|Any CPU
		{E9EBD1F1-50B9-4FAA-AA8C-5C53EAA406AC}.Debug|Any CPU.ActiveCfg = Debug|Any CPU
		{E9EBD1F1-50B9-4FAA-AA8C-5C53EAA406AC}.Debug|Any CPU.Build.0 = Debug|Any CPU
		{E9EBD1F1-50B9-4FAA-AA8C-5C53EAA406AC}.Release|Any CPU.ActiveCfg = Release|Any CPU
		{E9EBD1F1-50B9-4FAA-AA8C-5C53EAA406AC}.Release|Any CPU.Build.0 = Release|Any CPU
		{5C54B499-4C03-4050-A72F-CAB3ABA7DE7C}.Debug|Any CPU.ActiveCfg = Debug|Any CPU
		{5C54B499-4C03-4050-A72F-CAB3ABA7DE7C}.Debug|Any CPU.Build.0 = Debug|Any CPU
		{5C54B499-4C03-4050-A72F-CAB3ABA7DE7C}.Release|Any CPU.ActiveCfg = Release|Any CPU
		{5C54B499-4C03-4050-A72F-CAB3ABA7DE7C}.Release|Any CPU.Build.0 = Release|Any CPU
		{178B584B-52A5-41FE-838A-43372D475E81}.Debug|Any CPU.ActiveCfg = Debug|Any CPU
		{178B584B-52A5-41FE-838A-43372D475E81}.Debug|Any CPU.Build.0 = Debug|Any CPU
		{178B584B-52A5-41FE-838A-43372D475E81}.Release|Any CPU.ActiveCfg = Release|Any CPU
		{178B584B-52A5-41FE-838A-43372D475E81}.Release|Any CPU.Build.0 = Release|Any CPU
		{3CE8D7C1-05A5-40DB-AB48-AA66E849F080}.Debug|Any CPU.ActiveCfg = Debug|Any CPU
		{3CE8D7C1-05A5-40DB-AB48-AA66E849F080}.Debug|Any CPU.Build.0 = Debug|Any CPU
		{3CE8D7C1-05A5-40DB-AB48-AA66E849F080}.Release|Any CPU.ActiveCfg = Release|Any CPU
		{3CE8D7C1-05A5-40DB-AB48-AA66E849F080}.Release|Any CPU.Build.0 = Release|Any CPU
	EndGlobalSection
	GlobalSection(SolutionProperties) = preSolution
		HideSolutionNode = FALSE
	EndGlobalSection
	GlobalSection(NestedProjects) = preSolution
		{908B93F0-53AF-4CA4-8CB2-ABCE03FC748A} = {9FB93479-63C0-45BF-ACEA-1E3EF63CC232}
		{3E6C8E7C-D4F1-4C08-8E8A-3D3BEF124B78} = {783DD456-4714-4591-ACE3-D3B7F703BB5C}
		{F37F2C4D-93EC-4903-9F60-2DACF8C5A80B} = {4870B652-B3DC-4AE4-89EF-7966A3B12764}
		{E5CA1BF5-4132-40B3-A2B0-FD624589177C} = {783DD456-4714-4591-ACE3-D3B7F703BB5C}
		{68E036CC-A40C-4664-B005-C8D6E5D7571C} = {783DD456-4714-4591-ACE3-D3B7F703BB5C}
		{E9EBD1F1-50B9-4FAA-AA8C-5C53EAA406AC} = {A68EE096-5718-4B4B-9FBD-29DA091A3E83}
		{5C54B499-4C03-4050-A72F-CAB3ABA7DE7C} = {783DD456-4714-4591-ACE3-D3B7F703BB5C}
		{178B584B-52A5-41FE-838A-43372D475E81} = {A68EE096-5718-4B4B-9FBD-29DA091A3E83}
		{3CE8D7C1-05A5-40DB-AB48-AA66E849F080} = {783DD456-4714-4591-ACE3-D3B7F703BB5C}
	EndGlobalSection
	GlobalSection(ExtensibilityGlobals) = postSolution
		SolutionGuid = {01A0C467-D2DF-4CA4-8F56-6B489C348F06}
	EndGlobalSection
EndGlobal
